lockfileVersion: '9.0'

settings:
  autoInstallPeers: true
  excludeLinksFromLockfile: false

importers:

  .:
    dependencies:
      '@tauri-apps/api':
        specifier: '>=2.0.0-beta.6'
        version: 2.1.1
    devDependencies:
      '@rollup/plugin-typescript':
        specifier: ^11.1.6
        version: 11.1.6(rollup@4.26.0)(tslib@2.8.1)(typescript@5.6.3)
      rollup:
        specifier: ^4.9.6
        version: 4.26.0
      tslib:
        specifier: ^2.6.2
        version: 2.8.1
      typescript:
        specifier: ^5.3.3
        version: 5.6.3

packages:

  '@rollup/plugin-typescript@11.1.6':
    resolution: {integrity: sha512-R92yOmIACgYdJ7dJ97p4K69I8gg6IEHt8M7dUBxN3W6nrO8uUxX5ixl0yU/N3aZTi8WhPuICvOHXQvF6FaykAA==}
    engines: {node: '>=14.0.0'}
    peerDependencies:
      rollup: ^2.14.0||^3.0.0||^4.0.0
      tslib: '*'
      typescript: '>=3.7.0'
    peerDependenciesMeta:
      rollup:
        optional: true
      tslib:
        optional: true

  '@rollup/pluginutils@5.1.3':
    resolution: {integrity: sha512-Pnsb6f32CD2W3uCaLZIzDmeFyQ2b8UWMFI7xtwUezpcGBDVDW6y9XgAWIlARiGAo6eNF5FK5aQTr0LFyNyqq5A==}
    engines: {node: '>=14.0.0'}
    peerDependencies:
      rollup: ^1.20.0||^2.0.0||^3.0.0||^4.0.0
    peerDependenciesMeta:
      rollup:
        optional: true

  '@rollup/rollup-android-arm-eabi@4.26.0':
    resolution: {integrity: sha512-gJNwtPDGEaOEgejbaseY6xMFu+CPltsc8/T+diUTTbOQLqD+bnrJq9ulH6WD69TqwqWmrfRAtUv30cCFZlbGTQ==}
    cpu: [arm]
    os: [android]

  '@rollup/rollup-android-arm64@4.26.0':
    resolution: {integrity: sha512-YJa5Gy8mEZgz5JquFruhJODMq3lTHWLm1fOy+HIANquLzfIOzE9RA5ie3JjCdVb9r46qfAQY/l947V0zfGJ0OQ==}
    cpu: [arm64]
    os: [android]

  '@rollup/rollup-darwin-arm64@4.26.0':
    resolution: {integrity: sha512-ErTASs8YKbqTBoPLp/kA1B1Um5YSom8QAc4rKhg7b9tyyVqDBlQxy7Bf2wW7yIlPGPg2UODDQcbkTlruPzDosw==}
    cpu: [arm64]
    os: [darwin]

  '@rollup/rollup-darwin-x64@4.26.0':
    resolution: {integrity: sha512-wbgkYDHcdWW+NqP2mnf2NOuEbOLzDblalrOWcPyY6+BRbVhliavon15UploG7PpBRQ2bZJnbmh8o3yLoBvDIHA==}
    cpu: [x64]
    os: [darwin]

  '@rollup/rollup-freebsd-arm64@4.26.0':
    resolution: {integrity: sha512-Y9vpjfp9CDkAG4q/uwuhZk96LP11fBz/bYdyg9oaHYhtGZp7NrbkQrj/66DYMMP2Yo/QPAsVHkV891KyO52fhg==}
    cpu: [arm64]
    os: [freebsd]

  '@rollup/rollup-freebsd-x64@4.26.0':
    resolution: {integrity: sha512-A/jvfCZ55EYPsqeaAt/yDAG4q5tt1ZboWMHEvKAH9Zl92DWvMIbnZe/f/eOXze65aJaaKbL+YeM0Hz4kLQvdwg==}
    cpu: [x64]
    os: [freebsd]

  '@rollup/rollup-linux-arm-gnueabihf@4.26.0':
    resolution: {integrity: sha512-paHF1bMXKDuizaMODm2bBTjRiHxESWiIyIdMugKeLnjuS1TCS54MF5+Y5Dx8Ui/1RBPVRE09i5OUlaLnv8OGnA==}
    cpu: [arm]
    os: [linux]

  '@rollup/rollup-linux-arm-musleabihf@4.26.0':
    resolution: {integrity: sha512-cwxiHZU1GAs+TMxvgPfUDtVZjdBdTsQwVnNlzRXC5QzIJ6nhfB4I1ahKoe9yPmoaA/Vhf7m9dB1chGPpDRdGXg==}
    cpu: [arm]
    os: [linux]

  '@rollup/rollup-linux-arm64-gnu@4.26.0':
    resolution: {integrity: sha512-4daeEUQutGRCW/9zEo8JtdAgtJ1q2g5oHaoQaZbMSKaIWKDQwQ3Yx0/3jJNmpzrsScIPtx/V+1AfibLisb3AMQ==}
    cpu: [arm64]
    os: [linux]

  '@rollup/rollup-linux-arm64-musl@4.26.0':
    resolution: {integrity: sha512-eGkX7zzkNxvvS05ROzJ/cO/AKqNvR/7t1jA3VZDi2vRniLKwAWxUr85fH3NsvtxU5vnUUKFHKh8flIBdlo2b3Q==}
    cpu: [arm64]
    os: [linux]

  '@rollup/rollup-linux-powerpc64le-gnu@4.26.0':
    resolution: {integrity: sha512-Odp/lgHbW/mAqw/pU21goo5ruWsytP7/HCC/liOt0zcGG0llYWKrd10k9Fj0pdj3prQ63N5yQLCLiE7HTX+MYw==}
    cpu: [ppc64]
    os: [linux]

  '@rollup/rollup-linux-riscv64-gnu@4.26.0':
    resolution: {integrity: sha512-MBR2ZhCTzUgVD0OJdTzNeF4+zsVogIR1U/FsyuFerwcqjZGvg2nYe24SAHp8O5sN8ZkRVbHwlYeHqcSQ8tcYew==}
    cpu: [riscv64]
    os: [linux]

  '@rollup/rollup-linux-s390x-gnu@4.26.0':
    resolution: {integrity: sha512-YYcg8MkbN17fMbRMZuxwmxWqsmQufh3ZJFxFGoHjrE7bv0X+T6l3glcdzd7IKLiwhT+PZOJCblpnNlz1/C3kGQ==}
    cpu: [s390x]
    os: [linux]

  '@rollup/rollup-linux-x64-gnu@4.26.0':
    resolution: {integrity: sha512-ZuwpfjCwjPkAOxpjAEjabg6LRSfL7cAJb6gSQGZYjGhadlzKKywDkCUnJ+KEfrNY1jH5EEoSIKLCb572jSiglA==}
    cpu: [x64]
    os: [linux]

  '@rollup/rollup-linux-x64-musl@4.26.0':
    resolution: {integrity: sha512-+HJD2lFS86qkeF8kNu0kALtifMpPCZU80HvwztIKnYwym3KnA1os6nsX4BGSTLtS2QVAGG1P3guRgsYyMA0Yhg==}
    cpu: [x64]
    os: [linux]

  '@rollup/rollup-win32-arm64-msvc@4.26.0':
    resolution: {integrity: sha512-WUQzVFWPSw2uJzX4j6YEbMAiLbs0BUysgysh8s817doAYhR5ybqTI1wtKARQKo6cGop3pHnrUJPFCsXdoFaimQ==}
    cpu: [arm64]
    os: [win32]

  '@rollup/rollup-win32-ia32-msvc@4.26.0':
    resolution: {integrity: sha512-D4CxkazFKBfN1akAIY6ieyOqzoOoBV1OICxgUblWxff/pSjCA2khXlASUx7mK6W1oP4McqhgcCsu6QaLj3WMWg==}
    cpu: [ia32]
    os: [win32]

  '@rollup/rollup-win32-x64-msvc@4.26.0':
    resolution: {integrity: sha512-2x8MO1rm4PGEP0xWbubJW5RtbNLk3puzAMaLQd3B3JHVw4KcHlmXcO+Wewx9zCoo7EUFiMlu/aZbCJ7VjMzAag==}
    cpu: [x64]
    os: [win32]

  '@tauri-apps/api@2.1.1':
    resolution: {integrity: sha512-fzUfFFKo4lknXGJq8qrCidkUcKcH2UHhfaaCNt4GzgzGaW2iS26uFOg4tS3H4P8D6ZEeUxtiD5z0nwFF0UN30A==}

  '@types/estree@1.0.6':
    resolution: {integrity: sha512-AYnb1nQyY49te+VRAVgmzfcgjYS91mY5P0TKUDCLEM+gNnA+3T6rWITXRLYCpahpqSQbN5cE+gHpnPyXjHWxcw==}

  estree-walker@2.0.2:
    resolution: {integrity: sha512-Rfkk/Mp/DL7JVje3u18FxFujQlTNR2q6QfMSMB7AvCBx91NGj/ba3kCfza0f6dVDbw7YlRf/nDrn7pQrCCyQ/w==}

  fsevents@2.3.3:
    resolution: {integrity: sha512-5xoDfX+fL7faATnagmWPpbFtwh/R77WmMMqqHGS65C3vvB0YHrgF+B1YmZ3441tMj5n63k0212XNoJwzlhffQw==}
    engines: {node: ^8.16.0 || ^10.6.0 || >=11.0.0}
    os: [darwin]

  function-bind@1.1.2:
    resolution: {integrity: sha512-7XHNxH7qX9xG5mIwxkhumTox/MIRNcOgDrxWsMt2pAr23WHp6MrRlN7FBSFpCpr+oVO0F744iUgR82nJMfG2SA==}

  hasown@2.0.2:
    resolution: {integrity: sha512-0hJU9SCPvmMzIBdZFqNPXWa6dqh7WdH0cII9y+CyS8rG3nL48Bclra9HmKhVVUHyPWNH5Y7xDwAB7bfgSjkUMQ==}
    engines: {node: '>= 0.4'}

  is-core-module@2.15.1:
    resolution: {integrity: sha512-z0vtXSwucUJtANQWldhbtbt7BnL0vxiFjIdDLAatwhDYty2bad6s+rijD6Ri4YuYJubLzIJLUidCh09e1djEVQ==}
    engines: {node: '>= 0.4'}

  path-parse@1.0.7:
    resolution: {integrity: sha512-LDJzPVEEEPR+y48z93A0Ed0yXb8pAByGWo/k5YYdYgpY2/2EsOsksJrq7lOHxryrVOn1ejG6oAp8ahvOIQD8sw==}

  picomatch@4.0.2:
    resolution: {integrity: sha512-M7BAV6Rlcy5u+m6oPhAPFgJTzAioX/6B0DxyvDlo9l8+T3nLKbrczg2WLUyzd45L8RqfUMyGPzekbMvX2Ldkwg==}
    engines: {node: '>=12'}

  resolve@1.22.8:
    resolution: {integrity: sha512-oKWePCxqpd6FlLvGV1VU0x7bkPmmCNolxzjMf4NczoDnQcIWrAF+cPtZn5i6n+RfD2d9i0tzpKnG6Yk168yIyw==}
    hasBin: true

  rollup@4.26.0:
    resolution: {integrity: sha512-ilcl12hnWonG8f+NxU6BlgysVA0gvY2l8N0R84S1HcINbW20bvwuCngJkkInV6LXhwRpucsW5k1ovDwEdBVrNg==}
    engines: {node: '>=18.0.0', npm: '>=8.0.0'}
    hasBin: true

  supports-preserve-symlinks-flag@1.0.0:
    resolution: {integrity: sha512-ot0WnXS9fgdkgIcePe6RHNk1WA8+muPa6cSjeR3V8K27q9BB1rTE3R1p7Hv0z1ZyAc8s6Vvv8DIyWf681MAt0w==}
    engines: {node: '>= 0.4'}

  tslib@2.8.1:
    resolution: {integrity: sha512-oJFu94HQb+KVduSUQL7wnpmqnfmLsOA/nAh6b6EH0wCEoK0/mPeXU6c3wKDV83MkOuHPRHtSXKKU99IBazS/2w==}

  typescript@5.6.3:
    resolution: {integrity: sha512-hjcS1mhfuyi4WW8IWtjP7brDrG2cuDZukyrYrSauoXGNgx0S7zceP07adYkJycEr56BOUTNPzbInooiN3fn1qw==}
    engines: {node: '>=14.17'}
    hasBin: true

snapshots:

  '@rollup/plugin-typescript@11.1.6(rollup@4.26.0)(tslib@2.8.1)(typescript@5.6.3)':
    dependencies:
      '@rollup/pluginutils': 5.1.3(rollup@4.26.0)
      resolve: 1.22.8
      typescript: 5.6.3
    optionalDependencies:
      rollup: 4.26.0
      tslib: 2.8.1

  '@rollup/pluginutils@5.1.3(rollup@4.26.0)':
    dependencies:
      '@types/estree': 1.0.6
      estree-walker: 2.0.2
      picomatch: 4.0.2
    optionalDependencies:
      rollup: 4.26.0

  '@rollup/rollup-android-arm-eabi@4.26.0':
    optional: true

  '@rollup/rollup-android-arm64@4.26.0':
    optional: true

  '@rollup/rollup-darwin-arm64@4.26.0':
    optional: true

  '@rollup/rollup-darwin-x64@4.26.0':
    optional: true

  '@rollup/rollup-freebsd-arm64@4.26.0':
    optional: true

  '@rollup/rollup-freebsd-x64@4.26.0':
    optional: true

  '@rollup/rollup-linux-arm-gnueabihf@4.26.0':
    optional: true

  '@rollup/rollup-linux-arm-musleabihf@4.26.0':
    optional: true

  '@rollup/rollup-linux-arm64-gnu@4.26.0':
    optional: true

  '@rollup/rollup-linux-arm64-musl@4.26.0':
    optional: true

  '@rollup/rollup-linux-powerpc64le-gnu@4.26.0':
    optional: true

  '@rollup/rollup-linux-riscv64-gnu@4.26.0':
    optional: true

  '@rollup/rollup-linux-s390x-gnu@4.26.0':
    optional: true

  '@rollup/rollup-linux-x64-gnu@4.26.0':
    optional: true

  '@rollup/rollup-linux-x64-musl@4.26.0':
    optional: true

  '@rollup/rollup-win32-arm64-msvc@4.26.0':
    optional: true

  '@rollup/rollup-win32-ia32-msvc@4.26.0':
    optional: true

  '@rollup/rollup-win32-x64-msvc@4.26.0':
    optional: true

  '@tauri-apps/api@2.1.1': {}

  '@types/estree@1.0.6': {}

  estree-walker@2.0.2: {}

  fsevents@2.3.3:
    optional: true

  function-bind@1.1.2: {}

  hasown@2.0.2:
    dependencies:
      function-bind: 1.1.2

  is-core-module@2.15.1:
    dependencies:
      hasown: 2.0.2

  path-parse@1.0.7: {}

  picomatch@4.0.2: {}

  resolve@1.22.8:
    dependencies:
      is-core-module: 2.15.1
      path-parse: 1.0.7
      supports-preserve-symlinks-flag: 1.0.0

  rollup@4.26.0:
    dependencies:
      '@types/estree': 1.0.6
    optionalDependencies:
      '@rollup/rollup-android-arm-eabi': 4.26.0
      '@rollup/rollup-android-arm64': 4.26.0
      '@rollup/rollup-darwin-arm64': 4.26.0
      '@rollup/rollup-darwin-x64': 4.26.0
      '@rollup/rollup-freebsd-arm64': 4.26.0
      '@rollup/rollup-freebsd-x64': 4.26.0
      '@rollup/rollup-linux-arm-gnueabihf': 4.26.0
      '@rollup/rollup-linux-arm-musleabihf': 4.26.0
      '@rollup/rollup-linux-arm64-gnu': 4.26.0
      '@rollup/rollup-linux-arm64-musl': 4.26.0
      '@rollup/rollup-linux-powerpc64le-gnu': 4.26.0
      '@rollup/rollup-linux-riscv64-gnu': 4.26.0
      '@rollup/rollup-linux-s390x-gnu': 4.26.0
      '@rollup/rollup-linux-x64-gnu': 4.26.0
      '@rollup/rollup-linux-x64-musl': 4.26.0
      '@rollup/rollup-win32-arm64-msvc': 4.26.0
      '@rollup/rollup-win32-ia32-msvc': 4.26.0
      '@rollup/rollup-win32-x64-msvc': 4.26.0
      fsevents: 2.3.3

  supports-preserve-symlinks-flag@1.0.0: {}

  tslib@2.8.1: {}

  typescript@5.6.3: {}
